
Microsoft Visual Studio Solution File, Format Version 12.00
# Visual Studio Version 17
VisualStudioVersion = 17.10.35027.167
MinimumVisualStudioVersion = 10.0.40219.1
Project("{FAE04EC0-301F-11D3-BF4B-00C04F79EFBC}") = "staj", "staj\staj.csproj", "{D0C49A57-7600-4FEC-9696-6ADA9C1DA849}"
EndProject
Global
	GlobalSection(SolutionConfigurationPlatforms) = preSolution
		Debug|Any CPU = Debug|Any CPU
		Release|Any CPU = Release|Any CPU
	EndGlobalSection
	GlobalSection(ProjectConfigurationPlatforms) = postSolution
		{D0C49A57-7600-4FEC-9696-6ADA9C1DA849}.Debug|Any CPU.ActiveCfg = Debug|Any CPU
		{D0C49A57-7600-4FEC-9696-6ADA9C1DA849}.Debug|Any CPU.Build.0 = Debug|Any CPU
		{D0C49A57-7600-4FEC-9696-6ADA9C1DA849}.Release|Any CPU.ActiveCfg = Release|Any CPU
		{D0C49A57-7600-4FEC-9696-6ADA9C1DA849}.Release|Any CPU.Build.0 = Release|Any CPU
	EndGlobalSection
	GlobalSection(SolutionProperties) = preSolution
		HideSolutionNode = FALSE
	EndGlobalSection
	GlobalSection(ExtensibilityGlobals) = postSolution
		SolutionGuid = {D55F8E04-5083-4D5C-A953-DC0538863F50}
	EndGlobalSection
EndGlobal
